// !$*UTF8*$!
{
	archiveVersion = 1;
	classes = {
	};
	objectVersion = 56;
	objects = {

/* Begin PBXBuildFile section */
		8DB40DF32A2DBDCB00471899 /* ViewProductViewController.swift in Sources */ = {isa = PBXBuildFile; fileRef = 8DB40DF22A2DBDCB00471899 /* ViewProductViewController.swift */; };
		8DB40DF52A2DE0B400471899 /* CartViewController.swift in Sources */ = {isa = PBXBuildFile; fileRef = 8DB40DF42A2DE0B400471899 /* CartViewController.swift */; };
		AD72A96E2A28D6F500229963 /* AppDelegate.swift in Sources */ = {isa = PBXBuildFile; fileRef = AD72A96D2A28D6F500229963 /* AppDelegate.swift */; };
		AD72A9702A28D6F500229963 /* SceneDelegate.swift in Sources */ = {isa = PBXBuildFile; fileRef = AD72A96F2A28D6F500229963 /* SceneDelegate.swift */; };
		AD72A9722A28D6F500229963 /* ViewController.swift in Sources */ = {isa = PBXBuildFile; fileRef = AD72A9712A28D6F500229963 /* ViewController.swift */; };
		AD72A9752A28D6F500229963 /* Main.storyboard in Resources */ = {isa = PBXBuildFile; fileRef = AD72A9732A28D6F500229963 /* Main.storyboard */; };
		AD72A9772A28D6F600229963 /* Assets.xcassets in Resources */ = {isa = PBXBuildFile; fileRef = AD72A9762A28D6F600229963 /* Assets.xcassets */; };
		AD72A97A2A28D6F600229963 /* LaunchScreen.storyboard in Resources */ = {isa = PBXBuildFile; fileRef = AD72A9782A28D6F600229963 /* LaunchScreen.storyboard */; };
		CB5B590B2A29C43B00C3AA47 /* Item.swift in Sources */ = {isa = PBXBuildFile; fileRef = CB5B590A2A29C43B00C3AA47 /* Item.swift */; };
/* End PBXBuildFile section */

/* Begin PBXFileReference section */
		8DB40DF22A2DBDCB00471899 /* ViewProductViewController.swift */ = {isa = PBXFileReference; lastKnownFileType = sourcecode.swift; path = ViewProductViewController.swift; sourceTree = "<group>"; };
		8DB40DF42A2DE0B400471899 /* CartViewController.swift */ = {isa = PBXFileReference; lastKnownFileType = sourcecode.swift; path = CartViewController.swift; sourceTree = "<group>"; };
		AD72A96A2A28D6F500229963 /* ios Clothing App.app */ = {isa = PBXFileReference; explicitFileType = wrapper.application; includeInIndex = 0; path = "ios Clothing App.app"; sourceTree = BUILT_PRODUCTS_DIR; };
		AD72A96D2A28D6F500229963 /* AppDelegate.swift */ = {isa = PBXFileReference; lastKnownFileType = sourcecode.swift; path = AppDelegate.swift; sourceTree = "<group>"; };
		AD72A96F2A28D6F500229963 /* SceneDelegate.swift */ = {isa = PBXFileReference; lastKnownFileType = sourcecode.swift; path = SceneDelegate.swift; sourceTree = "<group>"; };
		AD72A9712A28D6F500229963 /* ViewController.swift */ = {isa = PBXFileReference; lastKnownFileType = sourcecode.swift; path = ViewController.swift; sourceTree = "<group>"; };
		AD72A9742A28D6F500229963 /* Base */ = {isa = PBXFileReference; lastKnownFileType = file.storyboard; name = Base; path = Base.lproj/Main.storyboard; sourceTree = "<group>"; };
		AD72A9762A28D6F600229963 /* Assets.xcassets */ = {isa = PBXFileReference; lastKnownFileType = folder.assetcatalog; path = Assets.xcassets; sourceTree = "<group>"; };
		AD72A9792A28D6F600229963 /* Base */ = {isa = PBXFileReference; lastKnownFileType = file.storyboard; name = Base; path = Base.lproj/LaunchScreen.storyboard; sourceTree = "<group>"; };
		AD72A97B2A28D6F600229963 /* Info.plist */ = {isa = PBXFileReference; lastKnownFileType = text.plist.xml; path = Info.plist; sourceTree = "<group>"; };
		CB5B590A2A29C43B00C3AA47 /* Item.swift */ = {isa = PBXFileReference; lastKnownFileType = sourcecode.swift; path = Item.swift; sourceTree = "<group>"; };
/* End PBXFileReference section */

/* Begin PBXFrameworksBuildPhase section */
		AD72A9672A28D6F500229963 /* Frameworks */ = {
			isa = PBXFrameworksBuildPhase;
			buildActionMask = 2147483647;
			files = (
			);
			runOnlyForDeploymentPostprocessing = 0;
		};
/* End PBXFrameworksBuildPhase section */

/* Begin PBXGroup section */
		AD72A9612A28D6F500229963 = {
			isa = PBXGroup;
			children = (
				AD72A96C2A28D6F500229963 /* ios Clothing App */,
				AD72A96B2A28D6F500229963 /* Products */,
			);
			sourceTree = "<group>";
		};
		AD72A96B2A28D6F500229963 /* Products */ = {
			isa = PBXGroup;
			children = (
				AD72A96A2A28D6F500229963 /* ios Clothing App.app */,
			);
			name = Products;
			sourceTree = "<group>";
		};
		AD72A96C2A28D6F500229963 /* ios Clothing App */ = {
			isa = PBXGroup;
			children = (
				AD72A96D2A28D6F500229963 /* AppDelegate.swift */,
				AD72A96F2A28D6F500229963 /* SceneDelegate.swift */,
				AD72A9712A28D6F500229963 /* ViewController.swift */,
				AD72A9732A28D6F500229963 /* Main.storyboard */,
				CB5B590A2A29C43B00C3AA47 /* Item.swift */,
				AD72A9762A28D6F600229963 /* Assets.xcassets */,
				AD72A9782A28D6F600229963 /* LaunchScreen.storyboard */,
				AD72A97B2A28D6F600229963 /* Info.plist */,
				8DB40DF22A2DBDCB00471899 /* ViewProductViewController.swift */,
				8DB40DF42A2DE0B400471899 /* CartViewController.swift */,
			);
			path = "ios Clothing App";
			sourceTree = "<group>";
		};
/* End PBXGroup section */

/* Begin PBXNativeTarget section */
		AD72A9692A28D6F500229963 /* ios Clothing App */ = {
			isa = PBXNativeTarget;
			buildConfigurationList = AD72A97E2A28D6F600229963 /* Build configuration list for PBXNativeTarget "ios Clothing App" */;
			buildPhases = (
				AD72A9662A28D6F500229963 /* Sources */,
				AD72A9672A28D6F500229963 /* Frameworks */,
				AD72A9682A28D6F500229963 /* Resources */,
			);
			buildRules = (
			);
			dependencies = (
			);
			name = "ios Clothing App";
			productName = "ios Clothing App";
			productReference = AD72A96A2A28D6F500229963 /* ios Clothing App.app */;
			productType = "com.apple.product-type.application";
		};
/* End PBXNativeTarget section */

/* Begin PBXProject section */
		AD72A9622A28D6F500229963 /* Project object */ = {
			isa = PBXProject;
			attributes = {
				BuildIndependentTargetsInParallel = 1;
				LastSwiftUpdateCheck = 1430;
				LastUpgradeCheck = 1430;
				TargetAttributes = {
					AD72A9692A28D6F500229963 = {
						CreatedOnToolsVersion = 14.3;
					};
				};
			};
			buildConfigurationList = AD72A9652A28D6F500229963 /* Build configuration list for PBXProject "ios Clothing App" */;
			compatibilityVersion = "Xcode 14.0";
			developmentRegion = en;
			hasScannedForEncodings = 0;
			knownRegions = (
				en,
				Base,
			);
			mainGroup = AD72A9612A28D6F500229963;
			productRefGroup = AD72A96B2A28D6F500229963 /* Products */;
			projectDirPath = "";
			projectRoot = "";
			targets = (
				AD72A9692A28D6F500229963 /* ios Clothing App */,
			);
		};
/* End PBXProject section */

/* Begin PBXResourcesBuildPhase section */
		AD72A9682A28D6F500229963 /* Resources */ = {
			isa = PBXResourcesBuildPhase;
			buildActionMask = 2147483647;
			files = (
				AD72A97A2A28D6F600229963 /* LaunchScreen.storyboard in Resources */,
				AD72A9772A28D6F600229963 /* Assets.xcassets in Resources */,
				AD72A9752A28D6F500229963 /* Main.storyboard in Resources */,
			);
			runOnlyForDeploymentPostprocessing = 0;
		};
/* End PBXResourcesBuildPhase section */

/* Begin PBXSourcesBuildPhase section */
		AD72A9662A28D6F500229963 /* Sources */ = {
			isa = PBXSourcesBuildPhase;
			buildActionMask = 2147483647;
			files = (
				CB5B590B2A29C43B00C3AA47 /* Item.swift in Sources */,
				AD72A9722A28D6F500229963 /* ViewController.swift in Sources */,
				AD72A96E2A28D6F500229963 /* AppDelegate.swift in Sources */,
				AD72A9702A28D6F500229963 /* SceneDelegate.swift in Sources */,
				8DB40DF52A2DE0B400471899 /* CartViewController.swift in Sources */,
				8DB40DF32A2DBDCB00471899 /* ViewProductViewController.swift in Sources */,
			);
			runOnlyForDeploymentPostprocessing = 0;
		};
/* End PBXSourcesBuildPhase section */

/* Begin PBXVariantGroup section */
		AD72A9732A28D6F500229963 /* Main.storyboard */ = {
			isa = PBXVariantGroup;
			children = (
				AD72A9742A28D6F500229963 /* Base */,
			);
			name = Main.storyboard;
			sourceTree = "<group>";
		};
		AD72A9782A28D6F600229963 /* LaunchScreen.storyboard */ = {
			isa = PBXVariantGroup;
			children = (
				AD72A9792A28D6F600229963 /* Base */,
			);
			name = LaunchScreen.storyboard;
			sourceTree = "<group>";
		};
/* End PBXVariantGroup section */

/* Begin XCBuildConfiguration section */
		AD72A97C2A28D6F600229963 /* Debug */ = {
			isa = XCBuildConfiguration;
			buildSettings = {
				ALWAYS_SEARCH_USER_PATHS = NO;
				CLANG_ANALYZER_NONNULL = YES;
				CLANG_ANALYZER_NUMBER_OBJECT_CONVERSION = YES_AGGRESSIVE;
				CLANG_CXX_LANGUAGE_STANDARD = "gnu++20";
				CLANG_ENABLE_MODULES = YES;
				CLANG_ENABLE_OBJC_ARC = YES;
				CLANG_ENABLE_OBJC_WEAK = YES;
				CLANG_WARN_BLOCK_CAPTURE_AUTORELEASING = YES;
				CLANG_WARN_BOOL_CONVERSION = YES;
				CLANG_WARN_COMMA = YES;
				CLANG_WARN_CONSTANT_CONVERSION = YES;
				CLANG_WARN_DEPRECATED_OBJC_IMPLEMENTATIONS = YES;
				CLANG_WARN_DIRECT_OBJC_ISA_USAGE = YES_ERROR;
				CLANG_WARN_DOCUMENTATION_COMMENTS = YES;
				CLANG_WARN_EMPTY_BODY = YES;
				CLANG_WARN_ENUM_CONVERSION = YES;
				CLANG_WARN_INFINITE_RECURSION = YES;
				CLANG_WARN_INT_CONVERSION = YES;
				CLANG_WARN_NON_LITERAL_NULL_CONVERSION = YES;
				CLANG_WARN_OBJC_IMPLICIT_RETAIN_SELF = YES;
				CLANG_WARN_OBJC_LITERAL_CONVERSION = YES;
				CLANG_WARN_OBJC_ROOT_CLASS = YES_ERROR;
				CLANG_WARN_QUOTED_INCLUDE_IN_FRAMEWORK_HEADER = YES;
				CLANG_WARN_RANGE_LOOP_ANALYSIS = YES;
				CLANG_WARN_STRICT_PROTOTYPES = YES;
				CLANG_WARN_SUSPICIOUS_MOVE = YES;
				CLANG_WARN_UNGUARDED_AVAILABILITY = YES_AGGRESSIVE;
				CLANG_WARN_UNREACHABLE_CODE = YES;
				CLANG_WARN__DUPLICATE_METHOD_MATCH = YES;
				COPY_PHASE_STRIP = NO;
				DEBUG_INFORMATION_FORMAT = dwarf;
				ENABLE_STRICT_OBJC_MSGSEND = YES;
				ENABLE_TESTABILITY = YES;
				GCC_C_LANGUAGE_STANDARD = gnu11;
				GCC_DYNAMIC_NO_PIC = NO;
				GCC_NO_COMMON_BLOCKS = YES;
				GCC_OPTIMIZATION_LEVEL = 0;
				GCC_PREPROCESSOR_DEFINITIONS = (
					"DEBUG=1",
					"$(inherited)",
				);
				GCC_WARN_64_TO_32_BIT_CONVERSION = YES;
				GCC_WARN_ABOUT_RETURN_TYPE = YES_ERROR;
				GCC_WARN_UNDECLARED_SELECTOR = YES;
				GCC_WARN_UNINITIALIZED_AUTOS = YES_AGGRESSIVE;
				GCC_WARN_UNUSED_FUNCTION = YES;
				GCC_WARN_UNUSED_VARIABLE = YES;
				IPHONEOS_DEPLOYMENT_TARGET = 16.4;
				MTL_ENABLE_DEBUG_INFO = INCLUDE_SOURCE;
				MTL_FAST_MATH = YES;
				ONLY_ACTIVE_ARCH = YES;
				SDKROOT = iphoneos;
				SWIFT_ACTIVE_COMPILATION_CONDITIONS = DEBUG;
				SWIFT_OPTIMIZATION_LEVEL = "-Onone";
			};
			name = Debug;
		};
		AD72A97D2A28D6F600229963 /* Release */ = {
			isa = XCBuildConfiguration;
			buildSettings = {
				ALWAYS_SEARCH_USER_PATHS = NO;
				CLANG_ANALYZER_NONNULL = YES;
				CLANG_ANALYZER_NUMBER_OBJECT_CONVERSION = YES_AGGRESSIVE;
				CLANG_CXX_LANGUAGE_STANDARD = "gnu++20";
				CLANG_ENABLE_MODULES = YES;
				CLANG_ENABLE_OBJC_ARC = YES;
				CLANG_ENABLE_OBJC_WEAK = YES;
				CLANG_WARN_BLOCK_CAPTURE_AUTORELEASING = YES;
				CLANG_WARN_BOOL_CONVERSION = YES;
				CLANG_WARN_COMMA = YES;
				CLANG_WARN_CONSTANT_CONVERSION = YES;
				CLANG_WARN_DEPRECATED_OBJC_IMPLEMENTATIONS = YES;
				CLANG_WARN_DIRECT_OBJC_ISA_USAGE = YES_ERROR;
				CLANG_WARN_DOCUMENTATION_COMMENTS = YES;
				CLANG_WARN_EMPTY_BODY = YES;
				CLANG_WARN_ENUM_CONVERSION = YES;
				CLANG_WARN_INFINITE_RECURSION = YES;
				CLANG_WARN_INT_CONVERSION = YES;
				CLANG_WARN_NON_LITERAL_NULL_CONVERSION = YES;
				CLANG_WARN_OBJC_IMPLICIT_RETAIN_SELF = YES;
				CLANG_WARN_OBJC_LITERAL_CONVERSION = YES;
				CLANG_WARN_OBJC_ROOT_CLASS = YES_ERROR;
				CLANG_WARN_QUOTED_INCLUDE_IN_FRAMEWORK_HEADER = YES;
				CLANG_WARN_RANGE_LOOP_ANALYSIS = YES;
				CLANG_WARN_STRICT_PROTOTYPES = YES;
				CLANG_WARN_SUSPICIOUS_MOVE = YES;
				CLANG_WARN_UNGUARDED_AVAILABILITY = YES_AGGRESSIVE;
				CLANG_WARN_UNREACHABLE_CODE = YES;
				CLANG_WARN__DUPLICATE_METHOD_MATCH = YES;
				COPY_PHASE_STRIP = NO;
				DEBUG_INFORMATION_FORMAT = "dwarf-with-dsym";
				ENABLE_NS_ASSERTIONS = NO;
				ENABLE_STRICT_OBJC_MSGSEND = YES;
				GCC_C_LANGUAGE_STANDARD = gnu11;
				GCC_NO_COMMON_BLOCKS = YES;
				GCC_WARN_64_TO_32_BIT_CONVERSION = YES;
				GCC_WARN_ABOUT_RETURN_TYPE = YES_ERROR;
				GCC_WARN_UNDECLARED_SELECTOR = YES;
				GCC_WARN_UNINITIALIZED_AUTOS = YES_AGGRESSIVE;
				GCC_WARN_UNUSED_FUNCTION = YES;
				GCC_WARN_UNUSED_VARIABLE = YES;
				IPHONEOS_DEPLOYMENT_TARGET = 16.4;
				MTL_ENABLE_DEBUG_INFO = NO;
				MTL_FAST_MATH = YES;
				SDKROOT = iphoneos;
				SWIFT_COMPILATION_MODE = wholemodule;
				SWIFT_OPTIMIZATION_LEVEL = "-O";
				VALIDATE_PRODUCT = YES;
			};
			name = Release;
		};
		AD72A97F2A28D6F600229963 /* Debug */ = {
			isa = XCBuildConfiguration;
			buildSettings = {
				ASSETCATALOG_COMPILER_APPICON_NAME = AppIcon;
				ASSETCATALOG_COMPILER_GLOBAL_ACCENT_COLOR_NAME = AccentColor;
				CODE_SIGN_STYLE = Automatic;
				CURRENT_PROJECT_VERSION = 1;
				GENERATE_INFOPLIST_FILE = YES;
				INFOPLIST_FILE = "ios Clothing App/Info.plist";
				INFOPLIST_KEY_UIApplicationSupportsIndirectInputEvents = YES;
				INFOPLIST_KEY_UILaunchStoryboardName = LaunchScreen;
				INFOPLIST_KEY_UIMainStoryboardFile = Main;
				INFOPLIST_KEY_UISupportedInterfaceOrientations_iPad = "UIInterfaceOrientationPortrait UIInterfaceOrientationPortraitUpsideDown UIInterfaceOrientationLandscapeLeft UIInterfaceOrientationLandscapeRight";
				INFOPLIST_KEY_UISupportedInterfaceOrientations_iPhone = "UIInterfaceOrientationPortrait UIInterfaceOrientationLandscapeLeft UIInterfaceOrientationLandscapeRight";
				LD_RUNPATH_SEARCH_PATHS = (
					"$(inherited)",
					"@executable_path/Frameworks",
				);
				MARKETING_VERSION = 1.0;
				PRODUCT_BUNDLE_IDENTIFIER = "za.co.DA.ios-Clothing-App";
				PRODUCT_NAME = "$(TARGET_NAME)";
				SWIFT_EMIT_LOC_STRINGS = YES;
				SWIFT_VERSION = 5.0;
				TARGETED_DEVICE_FAMILY = "1,2";
			};
			name = Debug;
		};
		AD72A9802A28D6F600229963 /* Release */ = {
			isa = XCBuildConfiguration;
			buildSettings = {
				ASSETCATALOG_COMPILER_APPICON_NAME = AppIcon;
				ASSETCATALOG_COMPILER_GLOBAL_ACCENT_COLOR_NAME = AccentColor;
				CODE_SIGN_STYLE = Automatic;
				CURRENT_PROJECT_VERSION = 1;
				GENERATE_INFOPLIST_FILE = YES;
				INFOPLIST_FILE = "ios Clothing App/Info.plist";
				INFOPLIST_KEY_UIApplicationSupportsIndirectInputEvents = YES;
				INFOPLIST_KEY_UILaunchStoryboardName = LaunchScreen;
				INFOPLIST_KEY_UIMainStoryboardFile = Main;
				INFOPLIST_KEY_UISupportedInterfaceOrientations_iPad = "UIInterfaceOrientationPortrait UIInterfaceOrientationPortraitUpsideDown UIInterfaceOrientationLandscapeLeft UIInterfaceOrientationLandscapeRight";
				INFOPLIST_KEY_UISupportedInterfaceOrientations_iPhone = "UIInterfaceOrientationPortrait UIInterfaceOrientationLandscapeLeft UIInterfaceOrientationLandscapeRight";
				LD_RUNPATH_SEARCH_PATHS = (
					"$(inherited)",
					"@executable_path/Frameworks",
				);
				MARKETING_VERSION = 1.0;
				PRODUCT_BUNDLE_IDENTIFIER = "za.co.DA.ios-Clothing-App";
				PRODUCT_NAME = "$(TARGET_NAME)";
				SWIFT_EMIT_LOC_STRINGS = YES;
				SWIFT_VERSION = 5.0;
				TARGETED_DEVICE_FAMILY = "1,2";
			};
			name = Release;
		};
/* End XCBuildConfiguration section */

/* Begin XCConfigurationList section */
		AD72A9652A28D6F500229963 /* Build configuration list for PBXProject "ios Clothing App" */ = {
			isa = XCConfigurationList;
			buildConfigurations = (
				AD72A97C2A28D6F600229963 /* Debug */,
				AD72A97D2A28D6F600229963 /* Release */,
			);
			defaultConfigurationIsVisible = 0;
			defaultConfigurationName = Release;
		};
		AD72A97E2A28D6F600229963 /* Build configuration list for PBXNativeTarget "ios Clothing App" */ = {
			isa = XCConfigurationList;
			buildConfigurations = (
				AD72A97F2A28D6F600229963 /* Debug */,
				AD72A9802A28D6F600229963 /* Release */,
			);
			defaultConfigurationIsVisible = 0;
			defaultConfigurationName = Release;
		};
/* End XCConfigurationList section */
	};
	rootObject = AD72A9622A28D6F500229963 /* Project object */;
}
